PODS:
  - CocoaLumberjack (2.2.0):
    - CocoaLumberjack/Default (= 2.2.0)
    - CocoaLumberjack/Extensions (= 2.2.0)
  - CocoaLumberjack/Core (2.2.0)
  - CocoaLumberjack/Default (2.2.0):
    - CocoaLumberjack/Core
  - CocoaLumberjack/Extensions (2.2.0):
    - CocoaLumberjack/Default
  - GHKit (2.0.3)
  - ObjectiveSugar (1.1.0)
  - YapDatabase (2.8.3):
    - YapDatabase/Standard (= 2.8.3)
  - YapDatabase/Standard (2.8.3):
    - YapDatabase/Standard/Core (= 2.8.3)
    - YapDatabase/Standard/Extensions (= 2.8.3)
  - YapDatabase/Standard/Core (2.8.3):
    - CocoaLumberjack (~> 2)
  - YapDatabase/Standard/Extensions (2.8.3):
    - YapDatabase/Standard/Core
    - YapDatabase/Standard/Extensions/CloudKit (= 2.8.3)
    - YapDatabase/Standard/Extensions/ConnectionProxy (= 2.8.3)
    - YapDatabase/Standard/Extensions/FilteredViews (= 2.8.3)
    - YapDatabase/Standard/Extensions/FullTextSearch (= 2.8.3)
    - YapDatabase/Standard/Extensions/Hooks (= 2.8.3)
    - YapDatabase/Standard/Extensions/Relationships (= 2.8.3)
    - YapDatabase/Standard/Extensions/RTreeIndex (= 2.8.3)
    - YapDatabase/Standard/Extensions/SearchResults (= 2.8.3)
    - YapDatabase/Standard/Extensions/SecondaryIndex (= 2.8.3)
    - YapDatabase/Standard/Extensions/SecondaryIndex (= 2.8.3)
    - YapDatabase/Standard/Extensions/Views (= 2.8.3)
  - YapDatabase/Standard/Extensions/CloudKit (2.8.3):
    - YapDatabase/Standard/Core
  - YapDatabase/Standard/Extensions/ConnectionProxy (2.8.3):
    - YapDatabase/Standard/Core
  - YapDatabase/Standard/Extensions/FilteredViews (2.8.3):
    - YapDatabase/Standard/Core
    - YapDatabase/Standard/Extensions/Views
  - YapDatabase/Standard/Extensions/FullTextSearch (2.8.3):
    - YapDatabase/Standard/Core
  - YapDatabase/Standard/Extensions/Hooks (2.8.3):
    - YapDatabase/Standard/Core
  - YapDatabase/Standard/Extensions/Relationships (2.8.3):
    - YapDatabase/Standard/Core
  - YapDatabase/Standard/Extensions/RTreeIndex (2.8.3):
    - YapDatabase/Standard/Core
  - YapDatabase/Standard/Extensions/SearchResults (2.8.3):
    - YapDatabase/Standard/Core
    - YapDatabase/Standard/Extensions/FullTextSearch
    - YapDatabase/Standard/Extensions/Views
  - YapDatabase/Standard/Extensions/SecondaryIndex (2.8.3):
    - YapDatabase/Standard/Core
  - YapDatabase/Standard/Extensions/Views (2.8.3):
    - YapDatabase/Standard/Core

DEPENDENCIES:
  - GHKit
  - ObjectiveSugar
  - YapDatabase

SPEC CHECKSUMS:
  CocoaLumberjack: 17fe8581f84914d5d7e6360f7c70022b173c3ae0
  GHKit: 2a20b51df9ce8f4355b2af2821805d369d610546
  ObjectiveSugar: a6a25f23d657c19df0a0b972466d5b5ca9f5295c
  YapDatabase: 15b6867a07ff30eac3af28794cd2262b4d0ca4ca

PODFILE CHECKSUM: 90d092a1a9ded1f3f184d3053ca7699acbe7bf99

COCOAPODS: 1.0.0.beta.6
